
Microsoft Visual Studio Solution File, Format Version 12.00
# Visual Studio 15
Project("{FAE04EC0-301F-11D3-BF4B-00C04F79EFBC}") = "Assembly-CSharp", "Assembly-CSharp.csproj", "{54789337-48BA-555C-A37E-A996A492F5DF}"
EndProject
Project("{FAE04EC0-301F-11D3-BF4B-00C04F79EFBC}") = "Assembly-CSharp-Editor", "Assembly-CSharp-Editor.csproj", "{2F2C8527-F84E-97C2-DBBD-805BCF7A4262}"
EndProject
Global
	GlobalSection(SolutionConfigurationPlatforms) = preSolution
		Debug|Any CPU = Debug|Any CPU
		Release|Any CPU = Release|Any CPU
	EndGlobalSection
	GlobalSection(ProjectConfigurationPlatforms) = postSolution
		{54789337-48BA-555C-A37E-A996A492F5DF}.Debug|Any CPU.ActiveCfg = Debug|Any CPU
		{54789337-48BA-555C-A37E-A996A492F5DF}.Debug|Any CPU.Build.0 = Debug|Any CPU
		{54789337-48BA-555C-A37E-A996A492F5DF}.Release|Any CPU.ActiveCfg = Release|Any CPU
		{54789337-48BA-555C-A37E-A996A492F5DF}.Release|Any CPU.Build.0 = Release|Any CPU
		{2F2C8527-F84E-97C2-DBBD-805BCF7A4262}.Debug|Any CPU.ActiveCfg = Debug|Any CPU
		{2F2C8527-F84E-97C2-DBBD-805BCF7A4262}.Debug|Any CPU.Build.0 = Debug|Any CPU
		{2F2C8527-F84E-97C2-DBBD-805BCF7A4262}.Release|Any CPU.ActiveCfg = Release|Any CPU
		{2F2C8527-F84E-97C2-DBBD-805BCF7A4262}.Release|Any CPU.Build.0 = Release|Any CPU
	EndGlobalSection
	GlobalSection(SolutionProperties) = preSolution
		HideSolutionNode = FALSE
	EndGlobalSection
EndGlobal
